
Microsoft Visual Studio Solution File, Format Version 12.00
# Visual Studio 15
VisualStudioVersion = 15.0.28307.1000
MinimumVisualStudioVersion = 10.0.40219.1
Project("{FAE04EC0-301F-11D3-BF4B-00C04F79EFBC}") = "SistemulOsosPrezentareSiQuizuri", "SistemulOsosPrezentareSiQuizuri\SistemulOsosPrezentareSiQuizuri.csproj", "{8795B0B1-B232-4374-962C-3EAE63F52E5F}"
EndProject
Global
	GlobalSection(SolutionConfigurationPlatforms) = preSolution
		Debug|Any CPU = Debug|Any CPU
		Release|Any CPU = Release|Any CPU
	EndGlobalSection
	GlobalSection(ProjectConfigurationPlatforms) = postSolution
		{8795B0B1-B232-4374-962C-3EAE63F52E5F}.Debug|Any CPU.ActiveCfg = Debug|Any CPU
		{8795B0B1-B232-4374-962C-3EAE63F52E5F}.Debug|Any CPU.Build.0 = Debug|Any CPU
		{8795B0B1-B232-4374-962C-3EAE63F52E5F}.Release|Any CPU.ActiveCfg = Release|Any CPU
		{8795B0B1-B232-4374-962C-3EAE63F52E5F}.Release|Any CPU.Build.0 = Release|Any CPU
	EndGlobalSection
	GlobalSection(SolutionProperties) = preSolution
		HideSolutionNode = FALSE
	EndGlobalSection
	GlobalSection(ExtensibilityGlobals) = postSolution
		SolutionGuid = {189083AD-84B2-4252-A4B1-E1AE8F63E0DE}
	EndGlobalSection
EndGlobal
